// !$*UTF8*$!
{
	archiveVersion = 1;
	classes = {
	};
	objectVersion = 56;
	objects = {

/* Begin PBXBuildFile section */
		ABD65DDB2918F41200593908 /* AppDelegate.swift in Sources */ = {isa = PBXBuildFile; fileRef = ABD65DDA2918F41200593908 /* AppDelegate.swift */; };
		ABD65DDD2918F41200593908 /* SceneDelegate.swift in Sources */ = {isa = PBXBuildFile; fileRef = ABD65DDC2918F41200593908 /* SceneDelegate.swift */; };
		ABD65DDF2918F41200593908 /* ViewController.swift in Sources */ = {isa = PBXBuildFile; fileRef = ABD65DDE2918F41200593908 /* ViewController.swift */; };
		ABD65DE22918F41200593908 /* Main.storyboard in Resources */ = {isa = PBXBuildFile; fileRef = ABD65DE02918F41200593908 /* Main.storyboard */; };
		ABD65DE42918F41300593908 /* Assets.xcassets in Resources */ = {isa = PBXBuildFile; fileRef = ABD65DE32918F41300593908 /* Assets.xcassets */; };
		ABD65DE72918F41300593908 /* LaunchScreen.storyboard in Resources */ = {isa = PBXBuildFile; fileRef = ABD65DE52918F41300593908 /* LaunchScreen.storyboard */; };
		ABD65DEF29190D3D00593908 /* ReadmoreVC.swift in Sources */ = {isa = PBXBuildFile; fileRef = ABD65DEE29190D3D00593908 /* ReadmoreVC.swift */; };
		ABD65DF12919289B00593908 /* personTableViewCell.swift in Sources */ = {isa = PBXBuildFile; fileRef = ABD65DF02919289B00593908 /* personTableViewCell.swift */; };
/* End PBXBuildFile section */

/* Begin PBXFileReference section */
		ABD65DD72918F41200593908 /* pia11v9uikit.app */ = {isa = PBXFileReference; explicitFileType = wrapper.application; includeInIndex = 0; path = pia11v9uikit.app; sourceTree = BUILT_PRODUCTS_DIR; };
		ABD65DDA2918F41200593908 /* AppDelegate.swift */ = {isa = PBXFileReference; lastKnownFileType = sourcecode.swift; path = AppDelegate.swift; sourceTree = "<group>"; };
		ABD65DDC2918F41200593908 /* SceneDelegate.swift */ = {isa = PBXFileReference; lastKnownFileType = sourcecode.swift; path = SceneDelegate.swift; sourceTree = "<group>"; };
		ABD65DDE2918F41200593908 /* ViewController.swift */ = {isa = PBXFileReference; lastKnownFileType = sourcecode.swift; path = ViewController.swift; sourceTree = "<group>"; };
		ABD65DE12918F41200593908 /* Base */ = {isa = PBXFileReference; lastKnownFileType = file.storyboard; name = Base; path = Base.lproj/Main.storyboard; sourceTree = "<group>"; };
		ABD65DE32918F41300593908 /* Assets.xcassets */ = {isa = PBXFileReference; lastKnownFileType = folder.assetcatalog; path = Assets.xcassets; sourceTree = "<group>"; };
		ABD65DE62918F41300593908 /* Base */ = {isa = PBXFileReference; lastKnownFileType = file.storyboard; name = Base; path = Base.lproj/LaunchScreen.storyboard; sourceTree = "<group>"; };
		ABD65DE82918F41300593908 /* Info.plist */ = {isa = PBXFileReference; lastKnownFileType = text.plist.xml; path = Info.plist; sourceTree = "<group>"; };
		ABD65DEE29190D3D00593908 /* ReadmoreVC.swift */ = {isa = PBXFileReference; lastKnownFileType = sourcecode.swift; path = ReadmoreVC.swift; sourceTree = "<group>"; };
		ABD65DF02919289B00593908 /* personTableViewCell.swift */ = {isa = PBXFileReference; lastKnownFileType = sourcecode.swift; path = personTableViewCell.swift; sourceTree = "<group>"; };
/* End PBXFileReference section */

/* Begin PBXFrameworksBuildPhase section */
		ABD65DD42918F41200593908 /* Frameworks */ = {
			isa = PBXFrameworksBuildPhase;
			buildActionMask = 2147483647;
			files = (
			);
			runOnlyForDeploymentPostprocessing = 0;
		};
/* End PBXFrameworksBuildPhase section */

/* Begin PBXGroup section */
		ABD65DCE2918F41200593908 = {
			isa = PBXGroup;
			children = (
				ABD65DD92918F41200593908 /* pia11v9uikit */,
				ABD65DD82918F41200593908 /* Products */,
			);
			sourceTree = "<group>";
		};
		ABD65DD82918F41200593908 /* Products */ = {
			isa = PBXGroup;
			children = (
				ABD65DD72918F41200593908 /* pia11v9uikit.app */,
			);
			name = Products;
			sourceTree = "<group>";
		};
		ABD65DD92918F41200593908 /* pia11v9uikit */ = {
			isa = PBXGroup;
			children = (
				ABD65DDA2918F41200593908 /* AppDelegate.swift */,
				ABD65DDC2918F41200593908 /* SceneDelegate.swift */,
				ABD65DE02918F41200593908 /* Main.storyboard */,
				ABD65DDE2918F41200593908 /* ViewController.swift */,
				ABD65DF02919289B00593908 /* personTableViewCell.swift */,
				ABD65DEE29190D3D00593908 /* ReadmoreVC.swift */,
				ABD65DE32918F41300593908 /* Assets.xcassets */,
				ABD65DE52918F41300593908 /* LaunchScreen.storyboard */,
				ABD65DE82918F41300593908 /* Info.plist */,
			);
			path = pia11v9uikit;
			sourceTree = "<group>";
		};
/* End PBXGroup section */

/* Begin PBXNativeTarget section */
		ABD65DD62918F41200593908 /* pia11v9uikit */ = {
			isa = PBXNativeTarget;
			buildConfigurationList = ABD65DEB2918F41300593908 /* Build configuration list for PBXNativeTarget "pia11v9uikit" */;
			buildPhases = (
				ABD65DD32918F41200593908 /* Sources */,
				ABD65DD42918F41200593908 /* Frameworks */,
				ABD65DD52918F41200593908 /* Resources */,
			);
			buildRules = (
			);
			dependencies = (
			);
			name = pia11v9uikit;
			productName = pia11v9uikit;
			productReference = ABD65DD72918F41200593908 /* pia11v9uikit.app */;
			productType = "com.apple.product-type.application";
		};
/* End PBXNativeTarget section */

/* Begin PBXProject section */
		ABD65DCF2918F41200593908 /* Project object */ = {
			isa = PBXProject;
			attributes = {
				BuildIndependentTargetsInParallel = 1;
				LastSwiftUpdateCheck = 1400;
				LastUpgradeCheck = 1400;
				TargetAttributes = {
					ABD65DD62918F41200593908 = {
						CreatedOnToolsVersion = 14.0;
					};
				};
			};
			buildConfigurationList = ABD65DD22918F41200593908 /* Build configuration list for PBXProject "pia11v9uikit" */;
			compatibilityVersion = "Xcode 14.0";
			developmentRegion = en;
			hasScannedForEncodings = 0;
			knownRegions = (
				en,
				Base,
			);
			mainGroup = ABD65DCE2918F41200593908;
			productRefGroup = ABD65DD82918F41200593908 /* Products */;
			projectDirPath = "";
			projectRoot = "";
			targets = (
				ABD65DD62918F41200593908 /* pia11v9uikit */,
			);
		};
/* End PBXProject section */

/* Begin PBXResourcesBuildPhase section */
		ABD65DD52918F41200593908 /* Resources */ = {
			isa = PBXResourcesBuildPhase;
			buildActionMask = 2147483647;
			files = (
				ABD65DE72918F41300593908 /* LaunchScreen.storyboard in Resources */,
				ABD65DE42918F41300593908 /* Assets.xcassets in Resources */,
				ABD65DE22918F41200593908 /* Main.storyboard in Resources */,
			);
			runOnlyForDeploymentPostprocessing = 0;
		};
/* End PBXResourcesBuildPhase section */

/* Begin PBXSourcesBuildPhase section */
		ABD65DD32918F41200593908 /* Sources */ = {
			isa = PBXSourcesBuildPhase;
			buildActionMask = 2147483647;
			files = (
				ABD65DDF2918F41200593908 /* ViewController.swift in Sources */,
				ABD65DDB2918F41200593908 /* AppDelegate.swift in Sources */,
				ABD65DDD2918F41200593908 /* SceneDelegate.swift in Sources */,
				ABD65DF12919289B00593908 /* personTableViewCell.swift in Sources */,
				ABD65DEF29190D3D00593908 /* ReadmoreVC.swift in Sources */,
			);
			runOnlyForDeploymentPostprocessing = 0;
		};
/* End PBXSourcesBuildPhase section */

/* Begin PBXVariantGroup section */
		ABD65DE02918F41200593908 /* Main.storyboard */ = {
			isa = PBXVariantGroup;
			children = (
				ABD65DE12918F41200593908 /* Base */,
			);
			name = Main.storyboard;
			sourceTree = "<group>";
		};
		ABD65DE52918F41300593908 /* LaunchScreen.storyboard */ = {
			isa = PBXVariantGroup;
			children = (
				ABD65DE62918F41300593908 /* Base */,
			);
			name = LaunchScreen.storyboard;
			sourceTree = "<group>";
		};
/* End PBXVariantGroup section */

/* Begin XCBuildConfiguration section */
		ABD65DE92918F41300593908 /* Debug */ = {
			isa = XCBuildConfiguration;
			buildSettings = {
				ALWAYS_SEARCH_USER_PATHS = NO;
				CLANG_ANALYZER_NONNULL = YES;
				CLANG_ANALYZER_NUMBER_OBJECT_CONVERSION = YES_AGGRESSIVE;
				CLANG_CXX_LANGUAGE_STANDARD = "gnu++20";
				CLANG_ENABLE_MODULES = YES;
				CLANG_ENABLE_OBJC_ARC = YES;
				CLANG_ENABLE_OBJC_WEAK = YES;
				CLANG_WARN_BLOCK_CAPTURE_AUTORELEASING = YES;
				CLANG_WARN_BOOL_CONVERSION = YES;
				CLANG_WARN_COMMA = YES;
				CLANG_WARN_CONSTANT_CONVERSION = YES;
				CLANG_WARN_DEPRECATED_OBJC_IMPLEMENTATIONS = YES;
				CLANG_WARN_DIRECT_OBJC_ISA_USAGE = YES_ERROR;
				CLANG_WARN_DOCUMENTATION_COMMENTS = YES;
				CLANG_WARN_EMPTY_BODY = YES;
				CLANG_WARN_ENUM_CONVERSION = YES;
				CLANG_WARN_INFINITE_RECURSION = YES;
				CLANG_WARN_INT_CONVERSION = YES;
				CLANG_WARN_NON_LITERAL_NULL_CONVERSION = YES;
				CLANG_WARN_OBJC_IMPLICIT_RETAIN_SELF = YES;
				CLANG_WARN_OBJC_LITERAL_CONVERSION = YES;
				CLANG_WARN_OBJC_ROOT_CLASS = YES_ERROR;
				CLANG_WARN_QUOTED_INCLUDE_IN_FRAMEWORK_HEADER = YES;
				CLANG_WARN_RANGE_LOOP_ANALYSIS = YES;
				CLANG_WARN_STRICT_PROTOTYPES = YES;
				CLANG_WARN_SUSPICIOUS_MOVE = YES;
				CLANG_WARN_UNGUARDED_AVAILABILITY = YES_AGGRESSIVE;
				CLANG_WARN_UNREACHABLE_CODE = YES;
				CLANG_WARN__DUPLICATE_METHOD_MATCH = YES;
				COPY_PHASE_STRIP = NO;
				DEBUG_INFORMATION_FORMAT = dwarf;
				ENABLE_STRICT_OBJC_MSGSEND = YES;
				ENABLE_TESTABILITY = YES;
				GCC_C_LANGUAGE_STANDARD = gnu11;
				GCC_DYNAMIC_NO_PIC = NO;
				GCC_NO_COMMON_BLOCKS = YES;
				GCC_OPTIMIZATION_LEVEL = 0;
				GCC_PREPROCESSOR_DEFINITIONS = (
					"DEBUG=1",
					"$(inherited)",
				);
				GCC_WARN_64_TO_32_BIT_CONVERSION = YES;
				GCC_WARN_ABOUT_RETURN_TYPE = YES_ERROR;
				GCC_WARN_UNDECLARED_SELECTOR = YES;
				GCC_WARN_UNINITIALIZED_AUTOS = YES_AGGRESSIVE;
				GCC_WARN_UNUSED_FUNCTION = YES;
				GCC_WARN_UNUSED_VARIABLE = YES;
				IPHONEOS_DEPLOYMENT_TARGET = 16.0;
				MTL_ENABLE_DEBUG_INFO = INCLUDE_SOURCE;
				MTL_FAST_MATH = YES;
				ONLY_ACTIVE_ARCH = YES;
				SDKROOT = iphoneos;
				SWIFT_ACTIVE_COMPILATION_CONDITIONS = DEBUG;
				SWIFT_OPTIMIZATION_LEVEL = "-Onone";
			};
			name = Debug;
		};
		ABD65DEA2918F41300593908 /* Release */ = {
			isa = XCBuildConfiguration;
			buildSettings = {
				ALWAYS_SEARCH_USER_PATHS = NO;
				CLANG_ANALYZER_NONNULL = YES;
				CLANG_ANALYZER_NUMBER_OBJECT_CONVERSION = YES_AGGRESSIVE;
				CLANG_CXX_LANGUAGE_STANDARD = "gnu++20";
				CLANG_ENABLE_MODULES = YES;
				CLANG_ENABLE_OBJC_ARC = YES;
				CLANG_ENABLE_OBJC_WEAK = YES;
				CLANG_WARN_BLOCK_CAPTURE_AUTORELEASING = YES;
				CLANG_WARN_BOOL_CONVERSION = YES;
				CLANG_WARN_COMMA = YES;
				CLANG_WARN_CONSTANT_CONVERSION = YES;
				CLANG_WARN_DEPRECATED_OBJC_IMPLEMENTATIONS = YES;
				CLANG_WARN_DIRECT_OBJC_ISA_USAGE = YES_ERROR;
				CLANG_WARN_DOCUMENTATION_COMMENTS = YES;
				CLANG_WARN_EMPTY_BODY = YES;
				CLANG_WARN_ENUM_CONVERSION = YES;
				CLANG_WARN_INFINITE_RECURSION = YES;
				CLANG_WARN_INT_CONVERSION = YES;
				CLANG_WARN_NON_LITERAL_NULL_CONVERSION = YES;
				CLANG_WARN_OBJC_IMPLICIT_RETAIN_SELF = YES;
				CLANG_WARN_OBJC_LITERAL_CONVERSION = YES;
				CLANG_WARN_OBJC_ROOT_CLASS = YES_ERROR;
				CLANG_WARN_QUOTED_INCLUDE_IN_FRAMEWORK_HEADER = YES;
				CLANG_WARN_RANGE_LOOP_ANALYSIS = YES;
				CLANG_WARN_STRICT_PROTOTYPES = YES;
				CLANG_WARN_SUSPICIOUS_MOVE = YES;
				CLANG_WARN_UNGUARDED_AVAILABILITY = YES_AGGRESSIVE;
				CLANG_WARN_UNREACHABLE_CODE = YES;
				CLANG_WARN__DUPLICATE_METHOD_MATCH = YES;
				COPY_PHASE_STRIP = NO;
				DEBUG_INFORMATION_FORMAT = "dwarf-with-dsym";
				ENABLE_NS_ASSERTIONS = NO;
				ENABLE_STRICT_OBJC_MSGSEND = YES;
				GCC_C_LANGUAGE_STANDARD = gnu11;
				GCC_NO_COMMON_BLOCKS = YES;
				GCC_WARN_64_TO_32_BIT_CONVERSION = YES;
				GCC_WARN_ABOUT_RETURN_TYPE = YES_ERROR;
				GCC_WARN_UNDECLARED_SELECTOR = YES;
				GCC_WARN_UNINITIALIZED_AUTOS = YES_AGGRESSIVE;
				GCC_WARN_UNUSED_FUNCTION = YES;
				GCC_WARN_UNUSED_VARIABLE = YES;
				IPHONEOS_DEPLOYMENT_TARGET = 16.0;
				MTL_ENABLE_DEBUG_INFO = NO;
				MTL_FAST_MATH = YES;
				SDKROOT = iphoneos;
				SWIFT_COMPILATION_MODE = wholemodule;
				SWIFT_OPTIMIZATION_LEVEL = "-O";
				VALIDATE_PRODUCT = YES;
			};
			name = Release;
		};
		ABD65DEC2918F41300593908 /* Debug */ = {
			isa = XCBuildConfiguration;
			buildSettings = {
				ASSETCATALOG_COMPILER_APPICON_NAME = AppIcon;
				ASSETCATALOG_COMPILER_GLOBAL_ACCENT_COLOR_NAME = AccentColor;
				CODE_SIGN_STYLE = Automatic;
				CURRENT_PROJECT_VERSION = 1;
				DEVELOPMENT_TEAM = 6SGQZ32758;
				GENERATE_INFOPLIST_FILE = YES;
				INFOPLIST_FILE = pia11v9uikit/Info.plist;
				INFOPLIST_KEY_UIApplicationSupportsIndirectInputEvents = YES;
				INFOPLIST_KEY_UILaunchStoryboardName = LaunchScreen;
				INFOPLIST_KEY_UIMainStoryboardFile = Main;
				INFOPLIST_KEY_UISupportedInterfaceOrientations_iPad = "UIInterfaceOrientationPortrait UIInterfaceOrientationPortraitUpsideDown UIInterfaceOrientationLandscapeLeft UIInterfaceOrientationLandscapeRight";
				INFOPLIST_KEY_UISupportedInterfaceOrientations_iPhone = "UIInterfaceOrientationPortrait UIInterfaceOrientationLandscapeLeft UIInterfaceOrientationLandscapeRight";
				LD_RUNPATH_SEARCH_PATHS = (
					"$(inherited)",
					"@executable_path/Frameworks",
				);
				MARKETING_VERSION = 1.0;
				PRODUCT_BUNDLE_IDENTIFIER = se.magictechnology.pia11v9uikit;
				PRODUCT_NAME = "$(TARGET_NAME)";
				SWIFT_EMIT_LOC_STRINGS = YES;
				SWIFT_VERSION = 5.0;
				TARGETED_DEVICE_FAMILY = "1,2";
			};
			name = Debug;
		};
		ABD65DED2918F41300593908 /* Release */ = {
			isa = XCBuildConfiguration;
			buildSettings = {
				ASSETCATALOG_COMPILER_APPICON_NAME = AppIcon;
				ASSETCATALOG_COMPILER_GLOBAL_ACCENT_COLOR_NAME = AccentColor;
				CODE_SIGN_STYLE = Automatic;
				CURRENT_PROJECT_VERSION = 1;
				DEVELOPMENT_TEAM = 6SGQZ32758;
				GENERATE_INFOPLIST_FILE = YES;
				INFOPLIST_FILE = pia11v9uikit/Info.plist;
				INFOPLIST_KEY_UIApplicationSupportsIndirectInputEvents = YES;
				INFOPLIST_KEY_UILaunchStoryboardName = LaunchScreen;
				INFOPLIST_KEY_UIMainStoryboardFile = Main;
				INFOPLIST_KEY_UISupportedInterfaceOrientations_iPad = "UIInterfaceOrientationPortrait UIInterfaceOrientationPortraitUpsideDown UIInterfaceOrientationLandscapeLeft UIInterfaceOrientationLandscapeRight";
				INFOPLIST_KEY_UISupportedInterfaceOrientations_iPhone = "UIInterfaceOrientationPortrait UIInterfaceOrientationLandscapeLeft UIInterfaceOrientationLandscapeRight";
				LD_RUNPATH_SEARCH_PATHS = (
					"$(inherited)",
					"@executable_path/Frameworks",
				);
				MARKETING_VERSION = 1.0;
				PRODUCT_BUNDLE_IDENTIFIER = se.magictechnology.pia11v9uikit;
				PRODUCT_NAME = "$(TARGET_NAME)";
				SWIFT_EMIT_LOC_STRINGS = YES;
				SWIFT_VERSION = 5.0;
				TARGETED_DEVICE_FAMILY = "1,2";
			};
			name = Release;
		};
/* End XCBuildConfiguration section */

/* Begin XCConfigurationList section */
		ABD65DD22918F41200593908 /* Build configuration list for PBXProject "pia11v9uikit" */ = {
			isa = XCConfigurationList;
			buildConfigurations = (
				ABD65DE92918F41300593908 /* Debug */,
				ABD65DEA2918F41300593908 /* Release */,
			);
			defaultConfigurationIsVisible = 0;
			defaultConfigurationName = Release;
		};
		ABD65DEB2918F41300593908 /* Build configuration list for PBXNativeTarget "pia11v9uikit" */ = {
			isa = XCConfigurationList;
			buildConfigurations = (
				ABD65DEC2918F41300593908 /* Debug */,
				ABD65DED2918F41300593908 /* Release */,
			);
			defaultConfigurationIsVisible = 0;
			defaultConfigurationName = Release;
		};
/* End XCConfigurationList section */
	};
	rootObject = ABD65DCF2918F41200593908 /* Project object */;
}
